// !$*UTF8*$!
{
	archiveVersion = 1;
	classes = {
	};
	objectVersion = 46;
	objects = {

/* Begin PBXBuildFile section */
		6130C995149EE956006A233A /* EBFeatsPickerViewController.m in Sources */ = {isa = PBXBuildFile; fileRef = 6130C992149EE956006A233A /* EBFeatsPickerViewController.m */; };
		6130C996149EE956006A233A /* EBPowersPickerViewController.m in Sources */ = {isa = PBXBuildFile; fileRef = 6130C994149EE956006A233A /* EBPowersPickerViewController.m */; };
		617C125214783EF300B85774 /* CharacterClass.m in Sources */ = {isa = PBXBuildFile; fileRef = 617C125114783EF300B85774 /* CharacterClass.m */; };
		61A00BFA147B48DC004D0BFE /* EBRaceDetailViewController.m in Sources */ = {isa = PBXBuildFile; fileRef = 61A00BF9147B48DB004D0BFE /* EBRaceDetailViewController.m */; };
		61A00BFE147CA154004D0BFE /* EBClassPickerViewController.m in Sources */ = {isa = PBXBuildFile; fileRef = 61A00BFD147CA154004D0BFE /* EBClassPickerViewController.m */; };
		61A00C01147F455F004D0BFE /* EBAbilitiesViewController.m in Sources */ = {isa = PBXBuildFile; fileRef = 61A00C00147F455F004D0BFE /* EBAbilitiesViewController.m */; };
		61A00C0414802B4B004D0BFE /* Character.m in Sources */ = {isa = PBXBuildFile; fileRef = 61A00C0314802B4B004D0BFE /* Character.m */; };
		61B5E4CD1486B30000644AFF /* parseCSV.m in Sources */ = {isa = PBXBuildFile; fileRef = 61B5E4CC1486B30000644AFF /* parseCSV.m */; };
		61B5E4D01486BBC100644AFF /* CharacterPower.m in Sources */ = {isa = PBXBuildFile; fileRef = 61B5E4CF1486BBC100644AFF /* CharacterPower.m */; };
		61B5E4D31486BBE000644AFF /* CharacterFeat.m in Sources */ = {isa = PBXBuildFile; fileRef = 61B5E4D21486BBE000644AFF /* CharacterFeat.m */; };
		61C827D21482039A002049DD /* EBSkillPickerViewController.m in Sources */ = {isa = PBXBuildFile; fileRef = 61C827D11482039A002049DD /* EBSkillPickerViewController.m */; };
		61F61D4414788F8600895031 /* CharacterRace.m in Sources */ = {isa = PBXBuildFile; fileRef = 61F61D4314788F8600895031 /* CharacterRace.m */; };
		61F61D4914796F3C00895031 /* EBClassDetailViewController.m in Sources */ = {isa = PBXBuildFile; fileRef = 61F61D4814796F3C00895031 /* EBClassDetailViewController.m */; };
		61FCBBEE14776A37003BFAD8 /* UIKit.framework in Frameworks */ = {isa = PBXBuildFile; fileRef = 61FCBBED14776A37003BFAD8 /* UIKit.framework */; };
		61FCBBF014776A37003BFAD8 /* Foundation.framework in Frameworks */ = {isa = PBXBuildFile; fileRef = 61FCBBEF14776A37003BFAD8 /* Foundation.framework */; };
		61FCBBF214776A37003BFAD8 /* CoreGraphics.framework in Frameworks */ = {isa = PBXBuildFile; fileRef = 61FCBBF114776A37003BFAD8 /* CoreGraphics.framework */; };
		61FCBBF414776A37003BFAD8 /* CoreData.framework in Frameworks */ = {isa = PBXBuildFile; fileRef = 61FCBBF314776A37003BFAD8 /* CoreData.framework */; };
		61FCBBFA14776A38003BFAD8 /* InfoPlist.strings in Resources */ = {isa = PBXBuildFile; fileRef = 61FCBBF814776A38003BFAD8 /* InfoPlist.strings */; };
		61FCBBFC14776A38003BFAD8 /* main.m in Sources */ = {isa = PBXBuildFile; fileRef = 61FCBBFB14776A38003BFAD8 /* main.m */; };
		61FCBC0014776A38003BFAD8 /* EBAppDelegate.m in Sources */ = {isa = PBXBuildFile; fileRef = 61FCBBFF14776A38003BFAD8 /* EBAppDelegate.m */; };
		61FCBC0314776A38003BFAD8 /* MainStoryboard.storyboard in Resources */ = {isa = PBXBuildFile; fileRef = 61FCBC0114776A38003BFAD8 /* MainStoryboard.storyboard */; };
		61FCBC0614776A38003BFAD8 /* CharacterBuilder.xcdatamodeld in Sources */ = {isa = PBXBuildFile; fileRef = 61FCBC0414776A38003BFAD8 /* CharacterBuilder.xcdatamodeld */; };
		61FCBC0914776A38003BFAD8 /* EBMasterViewController.m in Sources */ = {isa = PBXBuildFile; fileRef = 61FCBC0814776A38003BFAD8 /* EBMasterViewController.m */; };
		61FCBC0C14776A38003BFAD8 /* EBDetailViewController.m in Sources */ = {isa = PBXBuildFile; fileRef = 61FCBC0B14776A38003BFAD8 /* EBDetailViewController.m */; };
/* End PBXBuildFile section */

/* Begin PBXFileReference section */
		6130C991149EE956006A233A /* EBFeatsPickerViewController.h */ = {isa = PBXFileReference; fileEncoding = 4; lastKnownFileType = sourcecode.c.h; path = EBFeatsPickerViewController.h; sourceTree = "<group>"; };
		6130C992149EE956006A233A /* EBFeatsPickerViewController.m */ = {isa = PBXFileReference; fileEncoding = 4; lastKnownFileType = sourcecode.c.objc; path = EBFeatsPickerViewController.m; sourceTree = "<group>"; };
		6130C993149EE956006A233A /* EBPowersPickerViewController.h */ = {isa = PBXFileReference; fileEncoding = 4; lastKnownFileType = sourcecode.c.h; path = EBPowersPickerViewController.h; sourceTree = "<group>"; };
		6130C994149EE956006A233A /* EBPowersPickerViewController.m */ = {isa = PBXFileReference; fileEncoding = 4; lastKnownFileType = sourcecode.c.objc; path = EBPowersPickerViewController.m; sourceTree = "<group>"; };
		617C125014783EF300B85774 /* CharacterClass.h */ = {isa = PBXFileReference; fileEncoding = 4; lastKnownFileType = sourcecode.c.h; path = CharacterClass.h; sourceTree = "<group>"; };
		617C125114783EF300B85774 /* CharacterClass.m */ = {isa = PBXFileReference; fileEncoding = 4; lastKnownFileType = sourcecode.c.objc; path = CharacterClass.m; sourceTree = "<group>"; };
		61A00BF8147B48DB004D0BFE /* EBRaceDetailViewController.h */ = {isa = PBXFileReference; fileEncoding = 4; lastKnownFileType = sourcecode.c.h; path = EBRaceDetailViewController.h; sourceTree = "<group>"; };
		61A00BF9147B48DB004D0BFE /* EBRaceDetailViewController.m */ = {isa = PBXFileReference; fileEncoding = 4; lastKnownFileType = sourcecode.c.objc; path = EBRaceDetailViewController.m; sourceTree = "<group>"; };
		61A00BFC147CA154004D0BFE /* EBClassPickerViewController.h */ = {isa = PBXFileReference; fileEncoding = 4; lastKnownFileType = sourcecode.c.h; path = EBClassPickerViewController.h; sourceTree = "<group>"; };
		61A00BFD147CA154004D0BFE /* EBClassPickerViewController.m */ = {isa = PBXFileReference; fileEncoding = 4; lastKnownFileType = sourcecode.c.objc; path = EBClassPickerViewController.m; sourceTree = "<group>"; };
		61A00BFF147F455F004D0BFE /* EBAbilitiesViewController.h */ = {isa = PBXFileReference; fileEncoding = 4; lastKnownFileType = sourcecode.c.h; path = EBAbilitiesViewController.h; sourceTree = "<group>"; };
		61A00C00147F455F004D0BFE /* EBAbilitiesViewController.m */ = {isa = PBXFileReference; fileEncoding = 4; lastKnownFileType = sourcecode.c.objc; path = EBAbilitiesViewController.m; sourceTree = "<group>"; };
		61A00C0214802B4B004D0BFE /* Character.h */ = {isa = PBXFileReference; fileEncoding = 4; lastKnownFileType = sourcecode.c.h; path = Character.h; sourceTree = "<group>"; };
		61A00C0314802B4B004D0BFE /* Character.m */ = {isa = PBXFileReference; fileEncoding = 4; lastKnownFileType = sourcecode.c.objc; path = Character.m; sourceTree = "<group>"; };
		61B5E4C81486B02E00644AFF /* CharacterBuilder 4.xcdatamodel */ = {isa = PBXFileReference; lastKnownFileType = wrapper.xcdatamodel; path = "CharacterBuilder 4.xcdatamodel"; sourceTree = "<group>"; };
		61B5E4CB1486B30000644AFF /* parseCSV.h */ = {isa = PBXFileReference; fileEncoding = 4; lastKnownFileType = sourcecode.c.h; path = parseCSV.h; sourceTree = "<group>"; };
		61B5E4CC1486B30000644AFF /* parseCSV.m */ = {isa = PBXFileReference; fileEncoding = 4; lastKnownFileType = sourcecode.c.objc; path = parseCSV.m; sourceTree = "<group>"; };
		61B5E4CE1486BBC100644AFF /* CharacterPower.h */ = {isa = PBXFileReference; fileEncoding = 4; lastKnownFileType = sourcecode.c.h; path = CharacterPower.h; sourceTree = "<group>"; };
		61B5E4CF1486BBC100644AFF /* CharacterPower.m */ = {isa = PBXFileReference; fileEncoding = 4; lastKnownFileType = sourcecode.c.objc; path = CharacterPower.m; sourceTree = "<group>"; };
		61B5E4D11486BBE000644AFF /* CharacterFeat.h */ = {isa = PBXFileReference; fileEncoding = 4; lastKnownFileType = sourcecode.c.h; path = CharacterFeat.h; sourceTree = "<group>"; };
		61B5E4D21486BBE000644AFF /* CharacterFeat.m */ = {isa = PBXFileReference; fileEncoding = 4; lastKnownFileType = sourcecode.c.objc; path = CharacterFeat.m; sourceTree = "<group>"; };
		61C827D01482039A002049DD /* EBSkillPickerViewController.h */ = {isa = PBXFileReference; fileEncoding = 4; lastKnownFileType = sourcecode.c.h; path = EBSkillPickerViewController.h; sourceTree = "<group>"; };
		61C827D11482039A002049DD /* EBSkillPickerViewController.m */ = {isa = PBXFileReference; fileEncoding = 4; lastKnownFileType = sourcecode.c.objc; path = EBSkillPickerViewController.m; sourceTree = "<group>"; };
		61F61D3B147885B100895031 /* CharacterBuilder 2.xcdatamodel */ = {isa = PBXFileReference; lastKnownFileType = wrapper.xcdatamodel; path = "CharacterBuilder 2.xcdatamodel"; sourceTree = "<group>"; };
		61F61D4214788F8600895031 /* CharacterRace.h */ = {isa = PBXFileReference; fileEncoding = 4; lastKnownFileType = sourcecode.c.h; path = CharacterRace.h; sourceTree = "<group>"; };
		61F61D4314788F8600895031 /* CharacterRace.m */ = {isa = PBXFileReference; fileEncoding = 4; lastKnownFileType = sourcecode.c.objc; path = CharacterRace.m; sourceTree = "<group>"; };
		61F61D451478932800895031 /* CharacterBuilder 3.xcdatamodel */ = {isa = PBXFileReference; lastKnownFileType = wrapper.xcdatamodel; path = "CharacterBuilder 3.xcdatamodel"; sourceTree = "<group>"; };
		61F61D4714796F3C00895031 /* EBClassDetailViewController.h */ = {isa = PBXFileReference; fileEncoding = 4; lastKnownFileType = sourcecode.c.h; path = EBClassDetailViewController.h; sourceTree = "<group>"; };
		61F61D4814796F3C00895031 /* EBClassDetailViewController.m */ = {isa = PBXFileReference; fileEncoding = 4; lastKnownFileType = sourcecode.c.objc; path = EBClassDetailViewController.m; sourceTree = "<group>"; };
		61FCBBE914776A37003BFAD8 /* CharacterBuilder.app */ = {isa = PBXFileReference; explicitFileType = wrapper.application; includeInIndex = 0; path = CharacterBuilder.app; sourceTree = BUILT_PRODUCTS_DIR; };
		61FCBBED14776A37003BFAD8 /* UIKit.framework */ = {isa = PBXFileReference; lastKnownFileType = wrapper.framework; name = UIKit.framework; path = System/Library/Frameworks/UIKit.framework; sourceTree = SDKROOT; };
		61FCBBEF14776A37003BFAD8 /* Foundation.framework */ = {isa = PBXFileReference; lastKnownFileType = wrapper.framework; name = Foundation.framework; path = System/Library/Frameworks/Foundation.framework; sourceTree = SDKROOT; };
		61FCBBF114776A37003BFAD8 /* CoreGraphics.framework */ = {isa = PBXFileReference; lastKnownFileType = wrapper.framework; name = CoreGraphics.framework; path = System/Library/Frameworks/CoreGraphics.framework; sourceTree = SDKROOT; };
		61FCBBF314776A37003BFAD8 /* CoreData.framework */ = {isa = PBXFileReference; lastKnownFileType = wrapper.framework; name = CoreData.framework; path = System/Library/Frameworks/CoreData.framework; sourceTree = SDKROOT; };
		61FCBBF714776A38003BFAD8 /* CharacterBuilder-Info.plist */ = {isa = PBXFileReference; lastKnownFileType = text.plist.xml; path = "CharacterBuilder-Info.plist"; sourceTree = "<group>"; };
		61FCBBF914776A38003BFAD8 /* en */ = {isa = PBXFileReference; lastKnownFileType = text.plist.strings; name = en; path = en.lproj/InfoPlist.strings; sourceTree = "<group>"; };
		61FCBBFB14776A38003BFAD8 /* main.m */ = {isa = PBXFileReference; lastKnownFileType = sourcecode.c.objc; path = main.m; sourceTree = "<group>"; };
		61FCBBFD14776A38003BFAD8 /* CharacterBuilder-Prefix.pch */ = {isa = PBXFileReference; lastKnownFileType = sourcecode.c.h; path = "CharacterBuilder-Prefix.pch"; sourceTree = "<group>"; };
		61FCBBFE14776A38003BFAD8 /* EBAppDelegate.h */ = {isa = PBXFileReference; lastKnownFileType = sourcecode.c.h; path = EBAppDelegate.h; sourceTree = "<group>"; };
		61FCBBFF14776A38003BFAD8 /* EBAppDelegate.m */ = {isa = PBXFileReference; lastKnownFileType = sourcecode.c.objc; path = EBAppDelegate.m; sourceTree = "<group>"; };
		61FCBC0214776A38003BFAD8 /* en */ = {isa = PBXFileReference; lastKnownFileType = file.storyboard; name = en; path = en.lproj/MainStoryboard.storyboard; sourceTree = "<group>"; };
		61FCBC0514776A38003BFAD8 /* CharacterBuilder.xcdatamodel */ = {isa = PBXFileReference; lastKnownFileType = wrapper.xcdatamodel; path = CharacterBuilder.xcdatamodel; sourceTree = "<group>"; };
		61FCBC0714776A38003BFAD8 /* EBMasterViewController.h */ = {isa = PBXFileReference; lastKnownFileType = sourcecode.c.h; path = EBMasterViewController.h; sourceTree = "<group>"; };
		61FCBC0814776A38003BFAD8 /* EBMasterViewController.m */ = {isa = PBXFileReference; lastKnownFileType = sourcecode.c.objc; path = EBMasterViewController.m; sourceTree = "<group>"; };
		61FCBC0A14776A38003BFAD8 /* EBDetailViewController.h */ = {isa = PBXFileReference; lastKnownFileType = sourcecode.c.h; path = EBDetailViewController.h; sourceTree = "<group>"; };
		61FCBC0B14776A38003BFAD8 /* EBDetailViewController.m */ = {isa = PBXFileReference; lastKnownFileType = sourcecode.c.objc; path = EBDetailViewController.m; sourceTree = "<group>"; };
/* End PBXFileReference section */

/* Begin PBXFrameworksBuildPhase section */
		61FCBBE614776A37003BFAD8 /* Frameworks */ = {
			isa = PBXFrameworksBuildPhase;
			buildActionMask = 2147483647;
			files = (
				61FCBBEE14776A37003BFAD8 /* UIKit.framework in Frameworks */,
				61FCBBF014776A37003BFAD8 /* Foundation.framework in Frameworks */,
				61FCBBF214776A37003BFAD8 /* CoreGraphics.framework in Frameworks */,
				61FCBBF414776A37003BFAD8 /* CoreData.framework in Frameworks */,
			);
			runOnlyForDeploymentPostprocessing = 0;
		};
/* End PBXFrameworksBuildPhase section */

/* Begin PBXGroup section */
		61B5E4CA1486B2EC00644AFF /* Util */ = {
			isa = PBXGroup;
			children = (
				61B5E4CB1486B30000644AFF /* parseCSV.h */,
				61B5E4CC1486B30000644AFF /* parseCSV.m */,
			);
			name = Util;
			sourceTree = "<group>";
		};
		61F61D3914784BC600895031 /* Model */ = {
			isa = PBXGroup;
			children = (
				61A00C0214802B4B004D0BFE /* Character.h */,
				61A00C0314802B4B004D0BFE /* Character.m */,
				617C125014783EF300B85774 /* CharacterClass.h */,
				617C125114783EF300B85774 /* CharacterClass.m */,
				61B5E4D11486BBE000644AFF /* CharacterFeat.h */,
				61B5E4D21486BBE000644AFF /* CharacterFeat.m */,
				61B5E4CE1486BBC100644AFF /* CharacterPower.h */,
				61B5E4CF1486BBC100644AFF /* CharacterPower.m */,
				61F61D4214788F8600895031 /* CharacterRace.h */,
				61F61D4314788F8600895031 /* CharacterRace.m */,
			);
			name = Model;
			sourceTree = "<group>";
		};
		61F61D4614796EF700895031 /* View Controllers */ = {
			isa = PBXGroup;
			children = (
				6130C991149EE956006A233A /* EBFeatsPickerViewController.h */,
				6130C992149EE956006A233A /* EBFeatsPickerViewController.m */,
				6130C993149EE956006A233A /* EBPowersPickerViewController.h */,
				6130C994149EE956006A233A /* EBPowersPickerViewController.m */,
				61FCBC0714776A38003BFAD8 /* EBMasterViewController.h */,
				61FCBC0814776A38003BFAD8 /* EBMasterViewController.m */,
				61FCBC0A14776A38003BFAD8 /* EBDetailViewController.h */,
				61FCBC0B14776A38003BFAD8 /* EBDetailViewController.m */,
				61F61D4714796F3C00895031 /* EBClassDetailViewController.h */,
				61F61D4814796F3C00895031 /* EBClassDetailViewController.m */,
				61A00BF8147B48DB004D0BFE /* EBRaceDetailViewController.h */,
				61A00BF9147B48DB004D0BFE /* EBRaceDetailViewController.m */,
				61A00BFC147CA154004D0BFE /* EBClassPickerViewController.h */,
				61A00BFD147CA154004D0BFE /* EBClassPickerViewController.m */,
				61A00BFF147F455F004D0BFE /* EBAbilitiesViewController.h */,
				61A00C00147F455F004D0BFE /* EBAbilitiesViewController.m */,
				61C827D01482039A002049DD /* EBSkillPickerViewController.h */,
				61C827D11482039A002049DD /* EBSkillPickerViewController.m */,
			);
			name = "View Controllers";
			sourceTree = "<group>";
		};
		61FCBBDE14776A37003BFAD8 = {
			isa = PBXGroup;
			children = (
				61FCBBF514776A37003BFAD8 /* CharacterBuilder */,
				61FCBBEC14776A37003BFAD8 /* Frameworks */,
				61FCBBEA14776A37003BFAD8 /* Products */,
			);
			sourceTree = "<group>";
		};
		61FCBBEA14776A37003BFAD8 /* Products */ = {
			isa = PBXGroup;
			children = (
				61FCBBE914776A37003BFAD8 /* CharacterBuilder.app */,
			);
			name = Products;
			sourceTree = "<group>";
		};
		61FCBBEC14776A37003BFAD8 /* Frameworks */ = {
			isa = PBXGroup;
			children = (
				61FCBBED14776A37003BFAD8 /* UIKit.framework */,
				61FCBBEF14776A37003BFAD8 /* Foundation.framework */,
				61FCBBF114776A37003BFAD8 /* CoreGraphics.framework */,
				61FCBBF314776A37003BFAD8 /* CoreData.framework */,
			);
			name = Frameworks;
			sourceTree = "<group>";
		};
		61FCBBF514776A37003BFAD8 /* CharacterBuilder */ = {
			isa = PBXGroup;
			children = (
				61B5E4CA1486B2EC00644AFF /* Util */,
				61F61D4614796EF700895031 /* View Controllers */,
				61F61D3914784BC600895031 /* Model */,
				61FCBBFE14776A38003BFAD8 /* EBAppDelegate.h */,
				61FCBBFF14776A38003BFAD8 /* EBAppDelegate.m */,
				61FCBC0114776A38003BFAD8 /* MainStoryboard.storyboard */,
				61FCBC0414776A38003BFAD8 /* CharacterBuilder.xcdatamodeld */,
				61FCBBF614776A38003BFAD8 /* Supporting Files */,
			);
			path = CharacterBuilder;
			sourceTree = "<group>";
		};
		61FCBBF614776A38003BFAD8 /* Supporting Files */ = {
			isa = PBXGroup;
			children = (
				61FCBBF714776A38003BFAD8 /* CharacterBuilder-Info.plist */,
				61FCBBF814776A38003BFAD8 /* InfoPlist.strings */,
				61FCBBFB14776A38003BFAD8 /* main.m */,
				61FCBBFD14776A38003BFAD8 /* CharacterBuilder-Prefix.pch */,
			);
			name = "Supporting Files";
			sourceTree = "<group>";
		};
/* End PBXGroup section */

/* Begin PBXNativeTarget section */
		61FCBBE814776A37003BFAD8 /* CharacterBuilder */ = {
			isa = PBXNativeTarget;
			buildConfigurationList = 61FCBC0F14776A38003BFAD8 /* Build configuration list for PBXNativeTarget "CharacterBuilder" */;
			buildPhases = (
				61FCBBE514776A37003BFAD8 /* Sources */,
				61FCBBE614776A37003BFAD8 /* Frameworks */,
				61FCBBE714776A37003BFAD8 /* Resources */,
			);
			buildRules = (
			);
			dependencies = (
			);
			name = CharacterBuilder;
			productName = CharacterBuilder;
			productReference = 61FCBBE914776A37003BFAD8 /* CharacterBuilder.app */;
			productType = "com.apple.product-type.application";
		};
/* End PBXNativeTarget section */

/* Begin PBXProject section */
		61FCBBE014776A37003BFAD8 /* Project object */ = {
			isa = PBXProject;
			attributes = {
				LastUpgradeCheck = 0420;
			};
			buildConfigurationList = 61FCBBE314776A37003BFAD8 /* Build configuration list for PBXProject "CharacterBuilder" */;
			compatibilityVersion = "Xcode 3.2";
			developmentRegion = English;
			hasScannedForEncodings = 0;
			knownRegions = (
				en,
			);
			mainGroup = 61FCBBDE14776A37003BFAD8;
			productRefGroup = 61FCBBEA14776A37003BFAD8 /* Products */;
			projectDirPath = "";
			projectRoot = "";
			targets = (
				61FCBBE814776A37003BFAD8 /* CharacterBuilder */,
			);
		};
/* End PBXProject section */

/* Begin PBXResourcesBuildPhase section */
		61FCBBE714776A37003BFAD8 /* Resources */ = {
			isa = PBXResourcesBuildPhase;
			buildActionMask = 2147483647;
			files = (
				61FCBBFA14776A38003BFAD8 /* InfoPlist.strings in Resources */,
				61FCBC0314776A38003BFAD8 /* MainStoryboard.storyboard in Resources */,
			);
			runOnlyForDeploymentPostprocessing = 0;
		};
/* End PBXResourcesBuildPhase section */

/* Begin PBXSourcesBuildPhase section */
		61FCBBE514776A37003BFAD8 /* Sources */ = {
			isa = PBXSourcesBuildPhase;
			buildActionMask = 2147483647;
			files = (
				61FCBBFC14776A38003BFAD8 /* main.m in Sources */,
				61FCBC0014776A38003BFAD8 /* EBAppDelegate.m in Sources */,
				61FCBC0614776A38003BFAD8 /* CharacterBuilder.xcdatamodeld in Sources */,
				61FCBC0914776A38003BFAD8 /* EBMasterViewController.m in Sources */,
				61FCBC0C14776A38003BFAD8 /* EBDetailViewController.m in Sources */,
				617C125214783EF300B85774 /* CharacterClass.m in Sources */,
				61F61D4414788F8600895031 /* CharacterRace.m in Sources */,
				61F61D4914796F3C00895031 /* EBClassDetailViewController.m in Sources */,
				61A00BFA147B48DC004D0BFE /* EBRaceDetailViewController.m in Sources */,
				61A00BFE147CA154004D0BFE /* EBClassPickerViewController.m in Sources */,
				61A00C01147F455F004D0BFE /* EBAbilitiesViewController.m in Sources */,
				61A00C0414802B4B004D0BFE /* Character.m in Sources */,
				61C827D21482039A002049DD /* EBSkillPickerViewController.m in Sources */,
				61B5E4CD1486B30000644AFF /* parseCSV.m in Sources */,
				61B5E4D01486BBC100644AFF /* CharacterPower.m in Sources */,
				61B5E4D31486BBE000644AFF /* CharacterFeat.m in Sources */,
				6130C995149EE956006A233A /* EBFeatsPickerViewController.m in Sources */,
				6130C996149EE956006A233A /* EBPowersPickerViewController.m in Sources */,
			);
			runOnlyForDeploymentPostprocessing = 0;
		};
/* End PBXSourcesBuildPhase section */

/* Begin PBXVariantGroup section */
		61FCBBF814776A38003BFAD8 /* InfoPlist.strings */ = {
			isa = PBXVariantGroup;
			children = (
				61FCBBF914776A38003BFAD8 /* en */,
			);
			name = InfoPlist.strings;
			sourceTree = "<group>";
		};
		61FCBC0114776A38003BFAD8 /* MainStoryboard.storyboard */ = {
			isa = PBXVariantGroup;
			children = (
				61FCBC0214776A38003BFAD8 /* en */,
			);
			name = MainStoryboard.storyboard;
			sourceTree = "<group>";
		};
/* End PBXVariantGroup section */

/* Begin XCBuildConfiguration section */
		61FCBC0D14776A38003BFAD8 /* Debug */ = {
			isa = XCBuildConfiguration;
			buildSettings = {
				ALWAYS_SEARCH_USER_PATHS = NO;
				ARCHS = "$(ARCHS_STANDARD_32_BIT)";
				CLANG_ENABLE_OBJC_ARC = YES;
				"CODE_SIGN_IDENTITY[sdk=iphoneos*]" = "iPhone Developer";
				COPY_PHASE_STRIP = NO;
				GCC_C_LANGUAGE_STANDARD = gnu99;
				GCC_DYNAMIC_NO_PIC = NO;
				GCC_OPTIMIZATION_LEVEL = 0;
				GCC_PREPROCESSOR_DEFINITIONS = (
					"DEBUG=1",
					"$(inherited)",
				);
				GCC_SYMBOLS_PRIVATE_EXTERN = NO;
				GCC_VERSION = com.apple.compilers.llvm.clang.1_0;
				GCC_WARN_ABOUT_MISSING_PROTOTYPES = YES;
				GCC_WARN_ABOUT_RETURN_TYPE = YES;
				GCC_WARN_UNUSED_VARIABLE = YES;
				IPHONEOS_DEPLOYMENT_TARGET = 5.0;
				SDKROOT = iphoneos;
				TARGETED_DEVICE_FAMILY = 2;
			};
			name = Debug;
		};
		61FCBC0E14776A38003BFAD8 /* Release */ = {
			isa = XCBuildConfiguration;
			buildSettings = {
				ALWAYS_SEARCH_USER_PATHS = NO;
				ARCHS = "$(ARCHS_STANDARD_32_BIT)";
				CLANG_ENABLE_OBJC_ARC = YES;
				"CODE_SIGN_IDENTITY[sdk=iphoneos*]" = "iPhone Developer";
				COPY_PHASE_STRIP = YES;
				GCC_C_LANGUAGE_STANDARD = gnu99;
				GCC_VERSION = com.apple.compilers.llvm.clang.1_0;
				GCC_WARN_ABOUT_MISSING_PROTOTYPES = YES;
				GCC_WARN_ABOUT_RETURN_TYPE = YES;
				GCC_WARN_UNUSED_VARIABLE = YES;
				IPHONEOS_DEPLOYMENT_TARGET = 5.0;
				OTHER_CFLAGS = "-DNS_BLOCK_ASSERTIONS=1";
				SDKROOT = iphoneos;
				TARGETED_DEVICE_FAMILY = 2;
				VALIDATE_PRODUCT = YES;
			};
			name = Release;
		};
		61FCBC1014776A38003BFAD8 /* Debug */ = {
			isa = XCBuildConfiguration;
			buildSettings = {
				GCC_PRECOMPILE_PREFIX_HEADER = YES;
				GCC_PREFIX_HEADER = "CharacterBuilder/CharacterBuilder-Prefix.pch";
				INFOPLIST_FILE = "CharacterBuilder/CharacterBuilder-Info.plist";
				PRODUCT_NAME = "$(TARGET_NAME)";
				WRAPPER_EXTENSION = app;
			};
			name = Debug;
		};
		61FCBC1114776A38003BFAD8 /* Release */ = {
			isa = XCBuildConfiguration;
			buildSettings = {
				GCC_PRECOMPILE_PREFIX_HEADER = YES;
				GCC_PREFIX_HEADER = "CharacterBuilder/CharacterBuilder-Prefix.pch";
				INFOPLIST_FILE = "CharacterBuilder/CharacterBuilder-Info.plist";
				PRODUCT_NAME = "$(TARGET_NAME)";
				WRAPPER_EXTENSION = app;
			};
			name = Release;
		};
/* End XCBuildConfiguration section */

/* Begin XCConfigurationList section */
		61FCBBE314776A37003BFAD8 /* Build configuration list for PBXProject "CharacterBuilder" */ = {
			isa = XCConfigurationList;
			buildConfigurations = (
				61FCBC0D14776A38003BFAD8 /* Debug */,
				61FCBC0E14776A38003BFAD8 /* Release */,
			);
			defaultConfigurationIsVisible = 0;
			defaultConfigurationName = Release;
		};
		61FCBC0F14776A38003BFAD8 /* Build configuration list for PBXNativeTarget "CharacterBuilder" */ = {
			isa = XCConfigurationList;
			buildConfigurations = (
				61FCBC1014776A38003BFAD8 /* Debug */,
				61FCBC1114776A38003BFAD8 /* Release */,
			);
			defaultConfigurationIsVisible = 0;
			defaultConfigurationName = Release;
		};
/* End XCConfigurationList section */

/* Begin XCVersionGroup section */
		61FCBC0414776A38003BFAD8 /* CharacterBuilder.xcdatamodeld */ = {
			isa = XCVersionGroup;
			children = (
				61F61D3B147885B100895031 /* CharacterBuilder 2.xcdatamodel */,
				61F61D451478932800895031 /* CharacterBuilder 3.xcdatamodel */,
				61B5E4C81486B02E00644AFF /* CharacterBuilder 4.xcdatamodel */,
				61FCBC0514776A38003BFAD8 /* CharacterBuilder.xcdatamodel */,
			);
			currentVersion = 61B5E4C81486B02E00644AFF /* CharacterBuilder 4.xcdatamodel */;
			path = CharacterBuilder.xcdatamodeld;
			sourceTree = "<group>";
			versionGroupType = wrapper.xcdatamodel;
		};
/* End XCVersionGroup section */
	};
	rootObject = 61FCBBE014776A37003BFAD8 /* Project object */;
}
